// !$*UTF8*$!
{
	archiveVersion = 1;
	classes = {
	};
	objectVersion = 46;
	objects = {

/* Begin PBXBuildFile section */
		C864D5DF1C7ECF89009B965B /* main.m in Sources */ = {isa = PBXBuildFile; fileRef = C864D5DE1C7ECF89009B965B /* main.m */; };
		C864D5E21C7ECF89009B965B /* AppDelegate.m in Sources */ = {isa = PBXBuildFile; fileRef = C864D5E11C7ECF89009B965B /* AppDelegate.m */; };
		C864D5E51C7ECF89009B965B /* ViewController.m in Sources */ = {isa = PBXBuildFile; fileRef = C864D5E41C7ECF89009B965B /* ViewController.m */; };
		C864D5E81C7ECF89009B965B /* Main.storyboard in Resources */ = {isa = PBXBuildFile; fileRef = C864D5E61C7ECF89009B965B /* Main.storyboard */; };
		C864D5EA1C7ECF89009B965B /* Assets.xcassets in Resources */ = {isa = PBXBuildFile; fileRef = C864D5E91C7ECF89009B965B /* Assets.xcassets */; };
		C864D5ED1C7ECF89009B965B /* LaunchScreen.storyboard in Resources */ = {isa = PBXBuildFile; fileRef = C864D5EB1C7ECF89009B965B /* LaunchScreen.storyboard */; };
		C864D5FD1C7ED011009B965B /* FMGAVPlayer.bundle in Resources */ = {isa = PBXBuildFile; fileRef = C864D5F51C7ED011009B965B /* FMGAVPlayer.bundle */; };
		C864D5FE1C7ED011009B965B /* FMGVideoPlayView.m in Sources */ = {isa = PBXBuildFile; fileRef = C864D5F71C7ED011009B965B /* FMGVideoPlayView.m */; };
		C864D5FF1C7ED011009B965B /* FMGVideoPlayView.xib in Resources */ = {isa = PBXBuildFile; fileRef = C864D5F81C7ED011009B965B /* FMGVideoPlayView.xib */; };
		C864D6001C7ED011009B965B /* FullView.m in Sources */ = {isa = PBXBuildFile; fileRef = C864D5FA1C7ED011009B965B /* FullView.m */; };
		C864D6011C7ED011009B965B /* FullViewController.m in Sources */ = {isa = PBXBuildFile; fileRef = C864D5FC1C7ED011009B965B /* FullViewController.m */; };
		C864D6091C7ED47C009B965B /* CFDanmaku.m in Sources */ = {isa = PBXBuildFile; fileRef = C864D6041C7ED47C009B965B /* CFDanmaku.m */; };
		C864D60A1C7ED47C009B965B /* CFDanmakuInfo.m in Sources */ = {isa = PBXBuildFile; fileRef = C864D6061C7ED47C009B965B /* CFDanmakuInfo.m */; };
		C864D60B1C7ED47C009B965B /* CFDanmakuView.m in Sources */ = {isa = PBXBuildFile; fileRef = C864D6081C7ED47C009B965B /* CFDanmakuView.m */; };
		C864D60F1C7ED753009B965B /* play.png in Resources */ = {isa = PBXBuildFile; fileRef = C864D60D1C7ED753009B965B /* play.png */; };
		C864D6101C7ED753009B965B /* playcount.png in Resources */ = {isa = PBXBuildFile; fileRef = C864D60E1C7ED753009B965B /* playcount.png */; };
/* End PBXBuildFile section */

/* Begin PBXFileReference section */
		C864D5DA1C7ECF89009B965B /* PVdemo.app */ = {isa = PBXFileReference; explicitFileType = wrapper.application; includeInIndex = 0; path = PVdemo.app; sourceTree = BUILT_PRODUCTS_DIR; };
		C864D5DE1C7ECF89009B965B /* main.m */ = {isa = PBXFileReference; lastKnownFileType = sourcecode.c.objc; path = main.m; sourceTree = "<group>"; };
		C864D5E01C7ECF89009B965B /* AppDelegate.h */ = {isa = PBXFileReference; lastKnownFileType = sourcecode.c.h; path = AppDelegate.h; sourceTree = "<group>"; };
		C864D5E11C7ECF89009B965B /* AppDelegate.m */ = {isa = PBXFileReference; lastKnownFileType = sourcecode.c.objc; path = AppDelegate.m; sourceTree = "<group>"; };
		C864D5E31C7ECF89009B965B /* ViewController.h */ = {isa = PBXFileReference; lastKnownFileType = sourcecode.c.h; path = ViewController.h; sourceTree = "<group>"; };
		C864D5E41C7ECF89009B965B /* ViewController.m */ = {isa = PBXFileReference; lastKnownFileType = sourcecode.c.objc; path = ViewController.m; sourceTree = "<group>"; };
		C864D5E71C7ECF89009B965B /* Base */ = {isa = PBXFileReference; lastKnownFileType = file.storyboard; name = Base; path = Base.lproj/Main.storyboard; sourceTree = "<group>"; };
		C864D5E91C7ECF89009B965B /* Assets.xcassets */ = {isa = PBXFileReference; lastKnownFileType = folder.assetcatalog; path = Assets.xcassets; sourceTree = "<group>"; };
		C864D5EC1C7ECF89009B965B /* Base */ = {isa = PBXFileReference; lastKnownFileType = file.storyboard; name = Base; path = Base.lproj/LaunchScreen.storyboard; sourceTree = "<group>"; };
		C864D5EE1C7ECF89009B965B /* Info.plist */ = {isa = PBXFileReference; lastKnownFileType = text.plist.xml; path = Info.plist; sourceTree = "<group>"; };
		C864D5F51C7ED011009B965B /* FMGAVPlayer.bundle */ = {isa = PBXFileReference; lastKnownFileType = "wrapper.plug-in"; path = FMGAVPlayer.bundle; sourceTree = "<group>"; };
		C864D5F61C7ED011009B965B /* FMGVideoPlayView.h */ = {isa = PBXFileReference; fileEncoding = 4; lastKnownFileType = sourcecode.c.h; path = FMGVideoPlayView.h; sourceTree = "<group>"; };
		C864D5F71C7ED011009B965B /* FMGVideoPlayView.m */ = {isa = PBXFileReference; fileEncoding = 4; lastKnownFileType = sourcecode.c.objc; path = FMGVideoPlayView.m; sourceTree = "<group>"; };
		C864D5F81C7ED011009B965B /* FMGVideoPlayView.xib */ = {isa = PBXFileReference; fileEncoding = 4; lastKnownFileType = file.xib; path = FMGVideoPlayView.xib; sourceTree = "<group>"; };
		C864D5F91C7ED011009B965B /* FullView.h */ = {isa = PBXFileReference; fileEncoding = 4; lastKnownFileType = sourcecode.c.h; path = FullView.h; sourceTree = "<group>"; };
		C864D5FA1C7ED011009B965B /* FullView.m */ = {isa = PBXFileReference; fileEncoding = 4; lastKnownFileType = sourcecode.c.objc; path = FullView.m; sourceTree = "<group>"; };
		C864D5FB1C7ED011009B965B /* FullViewController.h */ = {isa = PBXFileReference; fileEncoding = 4; lastKnownFileType = sourcecode.c.h; path = FullViewController.h; sourceTree = "<group>"; };
		C864D5FC1C7ED011009B965B /* FullViewController.m */ = {isa = PBXFileReference; fileEncoding = 4; lastKnownFileType = sourcecode.c.objc; path = FullViewController.m; sourceTree = "<group>"; };
		C864D6031C7ED47C009B965B /* CFDanmaku.h */ = {isa = PBXFileReference; fileEncoding = 4; lastKnownFileType = sourcecode.c.h; path = CFDanmaku.h; sourceTree = "<group>"; };
		C864D6041C7ED47C009B965B /* CFDanmaku.m */ = {isa = PBXFileReference; fileEncoding = 4; lastKnownFileType = sourcecode.c.objc; path = CFDanmaku.m; sourceTree = "<group>"; };
		C864D6051C7ED47C009B965B /* CFDanmakuInfo.h */ = {isa = PBXFileReference; fileEncoding = 4; lastKnownFileType = sourcecode.c.h; path = CFDanmakuInfo.h; sourceTree = "<group>"; };
		C864D6061C7ED47C009B965B /* CFDanmakuInfo.m */ = {isa = PBXFileReference; fileEncoding = 4; lastKnownFileType = sourcecode.c.objc; path = CFDanmakuInfo.m; sourceTree = "<group>"; };
		C864D6071C7ED47C009B965B /* CFDanmakuView.h */ = {isa = PBXFileReference; fileEncoding = 4; lastKnownFileType = sourcecode.c.h; path = CFDanmakuView.h; sourceTree = "<group>"; };
		C864D6081C7ED47C009B965B /* CFDanmakuView.m */ = {isa = PBXFileReference; fileEncoding = 4; lastKnownFileType = sourcecode.c.objc; path = CFDanmakuView.m; sourceTree = "<group>"; };
		C864D60D1C7ED753009B965B /* play.png */ = {isa = PBXFileReference; lastKnownFileType = image.png; path = play.png; sourceTree = "<group>"; };
		C864D60E1C7ED753009B965B /* playcount.png */ = {isa = PBXFileReference; lastKnownFileType = image.png; path = playcount.png; sourceTree = "<group>"; };
/* End PBXFileReference section */

/* Begin PBXFrameworksBuildPhase section */
		C864D5D71C7ECF89009B965B /* Frameworks */ = {
			isa = PBXFrameworksBuildPhase;
			buildActionMask = 2147483647;
			files = (
			);
			runOnlyForDeploymentPostprocessing = 0;
		};
/* End PBXFrameworksBuildPhase section */

/* Begin PBXGroup section */
		C864D5D11C7ECF89009B965B = {
			isa = PBXGroup;
			children = (
				C864D5DC1C7ECF89009B965B /* PVdemo */,
				C864D5DB1C7ECF89009B965B /* Products */,
			);
			sourceTree = "<group>";
		};
		C864D5DB1C7ECF89009B965B /* Products */ = {
			isa = PBXGroup;
			children = (
				C864D5DA1C7ECF89009B965B /* PVdemo.app */,
			);
			name = Products;
			sourceTree = "<group>";
		};
		C864D5DC1C7ECF89009B965B /* PVdemo */ = {
			isa = PBXGroup;
			children = (
				C864D5E01C7ECF89009B965B /* AppDelegate.h */,
				C864D5E11C7ECF89009B965B /* AppDelegate.m */,
				C864D60C1C7ED753009B965B /* Resources */,
				C864D5E31C7ECF89009B965B /* ViewController.h */,
				C864D5E41C7ECF89009B965B /* ViewController.m */,
				C864D5F41C7ED011009B965B /* FMGAVPlayer */,
				C864D5E61C7ECF89009B965B /* Main.storyboard */,
				C864D5E91C7ECF89009B965B /* Assets.xcassets */,
				C864D5EB1C7ECF89009B965B /* LaunchScreen.storyboard */,
				C864D5EE1C7ECF89009B965B /* Info.plist */,
				C864D5DD1C7ECF89009B965B /* Supporting Files */,
			);
			path = PVdemo;
			sourceTree = "<group>";
		};
		C864D5DD1C7ECF89009B965B /* Supporting Files */ = {
			isa = PBXGroup;
			children = (
				C864D5DE1C7ECF89009B965B /* main.m */,
			);
			name = "Supporting Files";
			sourceTree = "<group>";
		};
		C864D5F41C7ED011009B965B /* FMGAVPlayer */ = {
			isa = PBXGroup;
			children = (
				C864D6021C7ED47C009B965B /* CFDanmaku */,
				C864D5F51C7ED011009B965B /* FMGAVPlayer.bundle */,
				C864D5F61C7ED011009B965B /* FMGVideoPlayView.h */,
				C864D5F71C7ED011009B965B /* FMGVideoPlayView.m */,
				C864D5F81C7ED011009B965B /* FMGVideoPlayView.xib */,
				C864D5F91C7ED011009B965B /* FullView.h */,
				C864D5FA1C7ED011009B965B /* FullView.m */,
				C864D5FB1C7ED011009B965B /* FullViewController.h */,
				C864D5FC1C7ED011009B965B /* FullViewController.m */,
			);
			path = FMGAVPlayer;
			sourceTree = "<group>";
		};
		C864D6021C7ED47C009B965B /* CFDanmaku */ = {
			isa = PBXGroup;
			children = (
				C864D6031C7ED47C009B965B /* CFDanmaku.h */,
				C864D6041C7ED47C009B965B /* CFDanmaku.m */,
				C864D6051C7ED47C009B965B /* CFDanmakuInfo.h */,
				C864D6061C7ED47C009B965B /* CFDanmakuInfo.m */,
				C864D6071C7ED47C009B965B /* CFDanmakuView.h */,
				C864D6081C7ED47C009B965B /* CFDanmakuView.m */,
			);
			path = CFDanmaku;
			sourceTree = "<group>";
		};
		C864D60C1C7ED753009B965B /* Resources */ = {
			isa = PBXGroup;
			children = (
				C864D60D1C7ED753009B965B /* play.png */,
				C864D60E1C7ED753009B965B /* playcount.png */,
			);
			path = Resources;
			sourceTree = "<group>";
		};
/* End PBXGroup section */

/* Begin PBXNativeTarget section */
		C864D5D91C7ECF89009B965B /* PVdemo */ = {
			isa = PBXNativeTarget;
			buildConfigurationList = C864D5F11C7ECF89009B965B /* Build configuration list for PBXNativeTarget "PVdemo" */;
			buildPhases = (
				C864D5D61C7ECF89009B965B /* Sources */,
				C864D5D71C7ECF89009B965B /* Frameworks */,
				C864D5D81C7ECF89009B965B /* Resources */,
			);
			buildRules = (
			);
			dependencies = (
			);
			name = PVdemo;
			productName = PVdemo;
			productReference = C864D5DA1C7ECF89009B965B /* PVdemo.app */;
			productType = "com.apple.product-type.application";
		};
/* End PBXNativeTarget section */

/* Begin PBXProject section */
		C864D5D21C7ECF89009B965B /* Project object */ = {
			isa = PBXProject;
			attributes = {
				LastUpgradeCheck = 0720;
				ORGANIZATIONNAME = hengfu;
				TargetAttributes = {
					C864D5D91C7ECF89009B965B = {
						CreatedOnToolsVersion = 7.2;
					};
				};
			};
			buildConfigurationList = C864D5D51C7ECF89009B965B /* Build configuration list for PBXProject "PVdemo" */;
			compatibilityVersion = "Xcode 3.2";
			developmentRegion = English;
			hasScannedForEncodings = 0;
			knownRegions = (
				en,
				Base,
			);
			mainGroup = C864D5D11C7ECF89009B965B;
			productRefGroup = C864D5DB1C7ECF89009B965B /* Products */;
			projectDirPath = "";
			projectRoot = "";
			targets = (
				C864D5D91C7ECF89009B965B /* PVdemo */,
			);
		};
/* End PBXProject section */

/* Begin PBXResourcesBuildPhase section */
		C864D5D81C7ECF89009B965B /* Resources */ = {
			isa = PBXResourcesBuildPhase;
			buildActionMask = 2147483647;
			files = (
				C864D5FD1C7ED011009B965B /* FMGAVPlayer.bundle in Resources */,
				C864D5ED1C7ECF89009B965B /* LaunchScreen.storyboard in Resources */,
				C864D5EA1C7ECF89009B965B /* Assets.xcassets in Resources */,
				C864D5FF1C7ED011009B965B /* FMGVideoPlayView.xib in Resources */,
				C864D5E81C7ECF89009B965B /* Main.storyboard in Resources */,
				C864D60F1C7ED753009B965B /* play.png in Resources */,
				C864D6101C7ED753009B965B /* playcount.png in Resources */,
			);
			runOnlyForDeploymentPostprocessing = 0;
		};
/* End PBXResourcesBuildPhase section */

/* Begin PBXSourcesBuildPhase section */
		C864D5D61C7ECF89009B965B /* Sources */ = {
			isa = PBXSourcesBuildPhase;
			buildActionMask = 2147483647;
			files = (
				C864D60A1C7ED47C009B965B /* CFDanmakuInfo.m in Sources */,
				C864D5E51C7ECF89009B965B /* ViewController.m in Sources */,
				C864D60B1C7ED47C009B965B /* CFDanmakuView.m in Sources */,
				C864D6011C7ED011009B965B /* FullViewController.m in Sources */,
				C864D6091C7ED47C009B965B /* CFDanmaku.m in Sources */,
				C864D5E21C7ECF89009B965B /* AppDelegate.m in Sources */,
				C864D5DF1C7ECF89009B965B /* main.m in Sources */,
				C864D5FE1C7ED011009B965B /* FMGVideoPlayView.m in Sources */,
				C864D6001C7ED011009B965B /* FullView.m in Sources */,
			);
			runOnlyForDeploymentPostprocessing = 0;
		};
/* End PBXSourcesBuildPhase section */

/* Begin PBXVariantGroup section */
		C864D5E61C7ECF89009B965B /* Main.storyboard */ = {
			isa = PBXVariantGroup;
			children = (
				C864D5E71C7ECF89009B965B /* Base */,
			);
			name = Main.storyboard;
			sourceTree = "<group>";
		};
		C864D5EB1C7ECF89009B965B /* LaunchScreen.storyboard */ = {
			isa = PBXVariantGroup;
			children = (
				C864D5EC1C7ECF89009B965B /* Base */,
			);
			name = LaunchScreen.storyboard;
			sourceTree = "<group>";
		};
/* End PBXVariantGroup section */

/* Begin XCBuildConfiguration section */
		C864D5EF1C7ECF89009B965B /* Debug */ = {
			isa = XCBuildConfiguration;
			buildSettings = {
				ALWAYS_SEARCH_USER_PATHS = NO;
				CLANG_CXX_LANGUAGE_STANDARD = "gnu++0x";
				CLANG_CXX_LIBRARY = "libc++";
				CLANG_ENABLE_MODULES = YES;
				CLANG_ENABLE_OBJC_ARC = YES;
				CLANG_WARN_BOOL_CONVERSION = YES;
				CLANG_WARN_CONSTANT_CONVERSION = YES;
				CLANG_WARN_DIRECT_OBJC_ISA_USAGE = YES_ERROR;
				CLANG_WARN_EMPTY_BODY = YES;
				CLANG_WARN_ENUM_CONVERSION = YES;
				CLANG_WARN_INT_CONVERSION = YES;
				CLANG_WARN_OBJC_ROOT_CLASS = YES_ERROR;
				CLANG_WARN_UNREACHABLE_CODE = YES;
				CLANG_WARN__DUPLICATE_METHOD_MATCH = YES;
				"CODE_SIGN_IDENTITY[sdk=iphoneos*]" = "iPhone Developer";
				COPY_PHASE_STRIP = NO;
				DEBUG_INFORMATION_FORMAT = dwarf;
				ENABLE_STRICT_OBJC_MSGSEND = YES;
				ENABLE_TESTABILITY = YES;
				GCC_C_LANGUAGE_STANDARD = gnu99;
				GCC_DYNAMIC_NO_PIC = NO;
				GCC_NO_COMMON_BLOCKS = YES;
				GCC_OPTIMIZATION_LEVEL = 0;
				GCC_PREPROCESSOR_DEFINITIONS = (
					"DEBUG=1",
					"$(inherited)",
				);
				GCC_WARN_64_TO_32_BIT_CONVERSION = YES;
				GCC_WARN_ABOUT_RETURN_TYPE = YES_ERROR;
				GCC_WARN_UNDECLARED_SELECTOR = YES;
				GCC_WARN_UNINITIALIZED_AUTOS = YES_AGGRESSIVE;
				GCC_WARN_UNUSED_FUNCTION = YES;
				GCC_WARN_UNUSED_VARIABLE = YES;
				IPHONEOS_DEPLOYMENT_TARGET = 9.2;
				MTL_ENABLE_DEBUG_INFO = YES;
				ONLY_ACTIVE_ARCH = YES;
				SDKROOT = iphoneos;
				TARGETED_DEVICE_FAMILY = "1,2";
			};
			name = Debug;
		};
		C864D5F01C7ECF89009B965B /* Release */ = {
			isa = XCBuildConfiguration;
			buildSettings = {
				ALWAYS_SEARCH_USER_PATHS = NO;
				CLANG_CXX_LANGUAGE_STANDARD = "gnu++0x";
				CLANG_CXX_LIBRARY = "libc++";
				CLANG_ENABLE_MODULES = YES;
				CLANG_ENABLE_OBJC_ARC = YES;
				CLANG_WARN_BOOL_CONVERSION = YES;
				CLANG_WARN_CONSTANT_CONVERSION = YES;
				CLANG_WARN_DIRECT_OBJC_ISA_USAGE = YES_ERROR;
				CLANG_WARN_EMPTY_BODY = YES;
				CLANG_WARN_ENUM_CONVERSION = YES;
				CLANG_WARN_INT_CONVERSION = YES;
				CLANG_WARN_OBJC_ROOT_CLASS = YES_ERROR;
				CLANG_WARN_UNREACHABLE_CODE = YES;
				CLANG_WARN__DUPLICATE_METHOD_MATCH = YES;
				"CODE_SIGN_IDENTITY[sdk=iphoneos*]" = "iPhone Developer";
				COPY_PHASE_STRIP = NO;
				DEBUG_INFORMATION_FORMAT = "dwarf-with-dsym";
				ENABLE_NS_ASSERTIONS = NO;
				ENABLE_STRICT_OBJC_MSGSEND = YES;
				GCC_C_LANGUAGE_STANDARD = gnu99;
				GCC_NO_COMMON_BLOCKS = YES;
				GCC_WARN_64_TO_32_BIT_CONVERSION = YES;
				GCC_WARN_ABOUT_RETURN_TYPE = YES_ERROR;
				GCC_WARN_UNDECLARED_SELECTOR = YES;
				GCC_WARN_UNINITIALIZED_AUTOS = YES_AGGRESSIVE;
				GCC_WARN_UNUSED_FUNCTION = YES;
				GCC_WARN_UNUSED_VARIABLE = YES;
				IPHONEOS_DEPLOYMENT_TARGET = 9.2;
				MTL_ENABLE_DEBUG_INFO = NO;
				SDKROOT = iphoneos;
				TARGETED_DEVICE_FAMILY = "1,2";
				VALIDATE_PRODUCT = YES;
			};
			name = Release;
		};
		C864D5F21C7ECF89009B965B /* Debug */ = {
			isa = XCBuildConfiguration;
			buildSettings = {
				ASSETCATALOG_COMPILER_APPICON_NAME = AppIcon;
				CODE_SIGN_IDENTITY = "iPhone Developer";
				INFOPLIST_FILE = PVdemo/Info.plist;
				IPHONEOS_DEPLOYMENT_TARGET = 8.1;
				LD_RUNPATH_SEARCH_PATHS = "$(inherited) @executable_path/Frameworks";
				PRODUCT_BUNDLE_IDENTIFIER = com.PVdemo;
				PRODUCT_NAME = "$(TARGET_NAME)";
			};
			name = Debug;
		};
		C864D5F31C7ECF89009B965B /* Release */ = {
			isa = XCBuildConfiguration;
			buildSettings = {
				ASSETCATALOG_COMPILER_APPICON_NAME = AppIcon;
				CODE_SIGN_IDENTITY = "iPhone Developer";
				INFOPLIST_FILE = PVdemo/Info.plist;
				IPHONEOS_DEPLOYMENT_TARGET = 8.1;
				LD_RUNPATH_SEARCH_PATHS = "$(inherited) @executable_path/Frameworks";
				PRODUCT_BUNDLE_IDENTIFIER = com.PVdemo;
				PRODUCT_NAME = "$(TARGET_NAME)";
			};
			name = Release;
		};
/* End XCBuildConfiguration section */

/* Begin XCConfigurationList section */
		C864D5D51C7ECF89009B965B /* Build configuration list for PBXProject "PVdemo" */ = {
			isa = XCConfigurationList;
			buildConfigurations = (
				C864D5EF1C7ECF89009B965B /* Debug */,
				C864D5F01C7ECF89009B965B /* Release */,
			);
			defaultConfigurationIsVisible = 0;
			defaultConfigurationName = Release;
		};
		C864D5F11C7ECF89009B965B /* Build configuration list for PBXNativeTarget "PVdemo" */ = {
			isa = XCConfigurationList;
			buildConfigurations = (
				C864D5F21C7ECF89009B965B /* Debug */,
				C864D5F31C7ECF89009B965B /* Release */,
			);
			defaultConfigurationIsVisible = 0;
		};
/* End XCConfigurationList section */
	};
	rootObject = C864D5D21C7ECF89009B965B /* Project object */;
}
